
Microsoft Visual Studio Solution File, Format Version 12.00
# Visual Studio Version 17
VisualStudioVersion = 17.8.34309.116
MinimumVisualStudioVersion = 10.0.40219.1
Project("{8BC9CEB8-8B4A-11D0-8D11-00A0C91BC942}") = "serverProject", "serverProject\serverProject.vcxproj", "{D75D9029-0C30-4699-946F-36847D53DCEE}"
EndProject
Global
	GlobalSection(SolutionConfigurationPlatforms) = preSolution
		Debug|x64 = Debug|x64
		Debug|x86 = Debug|x86
		Release|x64 = Release|x64
		Release|x86 = Release|x86
	EndGlobalSection
	GlobalSection(ProjectConfigurationPlatforms) = postSolution
		{D75D9029-0C30-4699-946F-36847D53DCEE}.Debug|x64.ActiveCfg = Debug|x64
		{D75D9029-0C30-4699-946F-36847D53DCEE}.Debug|x64.Build.0 = Debug|x64
		{D75D9029-0C30-4699-946F-36847D53DCEE}.Debug|x86.ActiveCfg = Debug|Win32
		{D75D9029-0C30-4699-946F-36847D53DCEE}.Debug|x86.Build.0 = Debug|Win32
		{D75D9029-0C30-4699-946F-36847D53DCEE}.Release|x64.ActiveCfg = Release|x64
		{D75D9029-0C30-4699-946F-36847D53DCEE}.Release|x64.Build.0 = Release|x64
		{D75D9029-0C30-4699-946F-36847D53DCEE}.Release|x86.ActiveCfg = Release|Win32
		{D75D9029-0C30-4699-946F-36847D53DCEE}.Release|x86.Build.0 = Release|Win32
	EndGlobalSection
	GlobalSection(SolutionProperties) = preSolution
		HideSolutionNode = FALSE
	EndGlobalSection
	GlobalSection(ExtensibilityGlobals) = postSolution
		SolutionGuid = {9E5B71A8-1DCD-44C6-B3BE-C24870EA5AB3}
	EndGlobalSection
EndGlobal
